
Microsoft Visual Studio Solution File, Format Version 12.00
# Visual Studio Version 17
VisualStudioVersion = 17.8.34408.163
MinimumVisualStudioVersion = 10.0.40219.1
Project("{FAE04EC0-301F-11D3-BF4B-00C04F79EFBC}") = "fullstack10", "fullstack10.csproj", "{2E9C7D6A-B1D8-4213-A87D-A7777197BE7A}"
EndProject
Global
	GlobalSection(SolutionConfigurationPlatforms) = preSolution
		Debug|Any CPU = Debug|Any CPU
		Release|Any CPU = Release|Any CPU
	EndGlobalSection
	GlobalSection(ProjectConfigurationPlatforms) = postSolution
		{2E9C7D6A-B1D8-4213-A87D-A7777197BE7A}.Debug|Any CPU.ActiveCfg = Debug|Any CPU
		{2E9C7D6A-B1D8-4213-A87D-A7777197BE7A}.Debug|Any CPU.Build.0 = Debug|Any CPU
		{2E9C7D6A-B1D8-4213-A87D-A7777197BE7A}.Release|Any CPU.ActiveCfg = Release|Any CPU
		{2E9C7D6A-B1D8-4213-A87D-A7777197BE7A}.Release|Any CPU.Build.0 = Release|Any CPU
	EndGlobalSection
	GlobalSection(SolutionProperties) = preSolution
		HideSolutionNode = FALSE
	EndGlobalSection
	GlobalSection(ExtensibilityGlobals) = postSolution
		SolutionGuid = {EEFC3075-3631-4247-9D8A-AC95BFBD3665}
	EndGlobalSection
EndGlobal
